{
  "name": "scratch-pad",
  "version": "1.0.0",
  "lockfileVersion": 1,
  "requires": true,
  "dependencies": {
    "@reactivex/rxjs": {
      "version": "6.4.0",
      "resolved": "http://registry.npm.taobao.org/@reactivex/rxjs/download/@reactivex/rxjs-6.4.0.tgz",
      "integrity": "sha1-kqaBMWO+7xMilKQOdQ9gVLenTw4=",
      "requires": {
        "tslib": "^1.9.0"
      }
    },
    "@types/node": {
      "version": "11.9.3",
      "resolved": "http://registry.npm.taobao.org/@types/node/download/@types/node-11.9.3.tgz",
      "integrity": "sha1-FK27WrjNVj9Un7ro2+kuC31udsw=",
      "dev": true
    },
    "tslib": {
      "version": "1.9.3",
      "resolved": "http://registry.npm.taobao.org/tslib/download/tslib-1.9.3.tgz",
      "integrity": "sha1-1+TdeSRdhUKMTX5IIqeZF5VMooY="
    },
    "typescript": {
      "version": "3.3.3",
      "resolved": "http://registry.npm.taobao.org/typescript/download/typescript-3.3.3.tgz",
      "integrity": "sha1-8WV/x9qifhqJMHWKzpro2jFAMiE=",
      "dev": true
    }
  }
}
